<?xml version="1.0" encoding="utf-8"?>
<Project ToolsVersion="16.0" xmlns="http://schemas.microsoft.com/developer/msbuild/2003">
  <ItemGroup>
    <CustomBuild Include="C:\Users\OgRob\Desktop\paral\pp_2020_autumn_engineer\build2\CMakeFiles\4580ed42fc4e4521ce870fd50aae3ab4\INSTALL_force.rule">
      <Filter>CMake Rules</Filter>
    </CustomBuild>
  </ItemGroup>
  <ItemGroup>
    <Filter Include="CMake Rules">
      <UniqueIdentifier>{1DD36DC7-45E2-3AE5-8B3F-6CD6449CE75E}</UniqueIdentifier>
    </Filter>
  </ItemGroup>
</Project>
